
Microsoft Visual Studio Solution File, Format Version 12.00
# Visual Studio Version 17
VisualStudioVersion = 17.0.31903.59
MinimumVisualStudioVersion = 10.0.40219.1
Project("{2150E333-8FDC-42A3-9474-1A3956D46DE8}") = "src", "src", "{827E0CD3-B72D-47B6-A68D-7590B98EB39B}"
EndProject
Project("{FAE04EC0-301F-11D3-BF4B-00C04F79EFBC}") = "AgentFlow.Domain", "src\AgentFlow.Domain\AgentFlow.Domain.csproj", "{D1C6135A-4641-46CA-A6B3-CA9492CFF310}"
EndProject
Project("{FAE04EC0-301F-11D3-BF4B-00C04F79EFBC}") = "AgentFlow.Application", "src\AgentFlow.Application\AgentFlow.Application.csproj", "{B593C2A9-EE5D-40BD-85C4-E45A01E0B040}"
EndProject
Project("{FAE04EC0-301F-11D3-BF4B-00C04F79EFBC}") = "AgentFlow.Infrastructure", "src\AgentFlow.Infrastructure\AgentFlow.Infrastructure.csproj", "{2219F739-4DCA-4160-BD08-F3E13CE84641}"
EndProject
Project("{FAE04EC0-301F-11D3-BF4B-00C04F79EFBC}") = "AgentFlow.Core.Engine", "src\AgentFlow.Core.Engine\AgentFlow.Core.Engine.csproj", "{8A4525B6-3442-42E9-8AB0-AC17CCE8629F}"
EndProject
Project("{FAE04EC0-301F-11D3-BF4B-00C04F79EFBC}") = "AgentFlow.Security", "src\AgentFlow.Security\AgentFlow.Security.csproj", "{15D10D02-0806-4137-AB3C-6D98C78410E1}"
EndProject
Project("{FAE04EC0-301F-11D3-BF4B-00C04F79EFBC}") = "AgentFlow.Observability", "src\AgentFlow.Observability\AgentFlow.Observability.csproj", "{D2F15B31-54E5-4CF7-873F-F5825BE56711}"
EndProject
Project("{FAE04EC0-301F-11D3-BF4B-00C04F79EFBC}") = "AgentFlow.Api", "src\AgentFlow.Api\AgentFlow.Api.csproj", "{8B1D16BE-F0CE-4307-957E-C87E29E9783F}"
EndProject
Project("{FAE04EC0-301F-11D3-BF4B-00C04F79EFBC}") = "AgentFlow.Tests.Unit", "tests\AgentFlow.Tests.Unit\AgentFlow.Tests.Unit.csproj", "{E2EC78C8-B1D8-4AE8-A0D4-6F6656108BC7}"
EndProject
Project("{FAE04EC0-301F-11D3-BF4B-00C04F79EFBC}") = "AgentFlow.Abstractions", "src\AgentFlow.Abstractions\AgentFlow.Abstractions.csproj", "{D127ADB4-D57C-47DE-802D-81240252CA25}"
EndProject
Project("{FAE04EC0-301F-11D3-BF4B-00C04F79EFBC}") = "AgentFlow.DSL", "src\AgentFlow.DSL\AgentFlow.DSL.csproj", "{A2C5BC72-B92F-4165-B65D-213B9FC092A5}"
EndProject
Project("{FAE04EC0-301F-11D3-BF4B-00C04F79EFBC}") = "AgentFlow.Policy", "src\AgentFlow.Policy\AgentFlow.Policy.csproj", "{BF5AB687-0675-4307-9F0E-AD58C0B6AE44}"
EndProject
Project("{FAE04EC0-301F-11D3-BF4B-00C04F79EFBC}") = "AgentFlow.Evaluation", "src\AgentFlow.Evaluation\AgentFlow.Evaluation.csproj", "{CE65DD22-DE84-4060-9455-24C3FB7EDF41}"
EndProject
Project("{FAE04EC0-301F-11D3-BF4B-00C04F79EFBC}") = "AgentFlow.ModelRouting", "src\AgentFlow.ModelRouting\AgentFlow.ModelRouting.csproj", "{0E3FF6E6-D4D7-4F59-ACDE-26EABAD03D3D}"
EndProject
Project("{FAE04EC0-301F-11D3-BF4B-00C04F79EFBC}") = "AgentFlow.Caching.Redis", "src\AgentFlow.Caching.Redis\AgentFlow.Caching.Redis.csproj", "{8FA7282E-8966-41BA-B158-526BA283B571}"
EndProject
Project("{FAE04EC0-301F-11D3-BF4B-00C04F79EFBC}") = "AgentFlow.Events", "src\AgentFlow.Events\AgentFlow.Events.csproj", "{CF3D451A-9940-4675-9ADD-A418573F7EEF}"
EndProject
Project("{FAE04EC0-301F-11D3-BF4B-00C04F79EFBC}") = "AgentFlow.Prompting", "src\AgentFlow.Prompting\AgentFlow.Prompting.csproj", "{927F47BD-F3C7-4A1D-8B83-7EBC5C13924F}"
EndProject
Project("{FAE04EC0-301F-11D3-BF4B-00C04F79EFBC}") = "AgentFlow.TestRunner", "src\AgentFlow.TestRunner\AgentFlow.TestRunner.csproj", "{B1520033-9496-40D3-9A16-34D0158CD17D}"
EndProject
Project("{FAE04EC0-301F-11D3-BF4B-00C04F79EFBC}") = "AgentFlow.Worker", "src\AgentFlow.Worker\AgentFlow.Worker.csproj", "{C4F15738-9A37-45E1-9010-3ACC39B99EF4}"
EndProject
Project("{FAE04EC0-301F-11D3-BF4B-00C04F79EFBC}") = "AgentFlow.Extensions", "src\AgentFlow.Extensions\AgentFlow.Extensions.csproj", "{9348548F-5999-4250-BAFD-C76DA0C5BA8C}"
EndProject
Project("{FAE04EC0-301F-11D3-BF4B-00C04F79EFBC}") = "AgentFlow.ToolSDK", "src\AgentFlow.ToolSDK\AgentFlow.ToolSDK.csproj", "{E95D0270-790F-4AE5-AB37-5B58F7271B2B}"
EndProject
Project("{2150E333-8FDC-42A3-9474-1A3956D46DE8}") = "tests", "tests", "{0AB3BF05-4346-4AA6-1389-037BE0695223}"
EndProject
Project("{FAE04EC0-301F-11D3-BF4B-00C04F79EFBC}") = "AgentFlow.Tests.Integration", "tests\AgentFlow.Tests.Integration\AgentFlow.Tests.Integration.csproj", "{3CF6E99D-5F84-455A-B56E-916773BF5B14}"
EndProject
Global
	GlobalSection(SolutionConfigurationPlatforms) = preSolution
		Debug|Any CPU = Debug|Any CPU
		Debug|x64 = Debug|x64
		Debug|x86 = Debug|x86
		Release|Any CPU = Release|Any CPU
		Release|x64 = Release|x64
		Release|x86 = Release|x86
	EndGlobalSection
	GlobalSection(ProjectConfigurationPlatforms) = postSolution
		{D1C6135A-4641-46CA-A6B3-CA9492CFF310}.Debug|Any CPU.ActiveCfg = Debug|Any CPU
		{D1C6135A-4641-46CA-A6B3-CA9492CFF310}.Debug|Any CPU.Build.0 = Debug|Any CPU
		{D1C6135A-4641-46CA-A6B3-CA9492CFF310}.Debug|x64.ActiveCfg = Debug|Any CPU
		{D1C6135A-4641-46CA-A6B3-CA9492CFF310}.Debug|x64.Build.0 = Debug|Any CPU
		{D1C6135A-4641-46CA-A6B3-CA9492CFF310}.Debug|x86.ActiveCfg = Debug|Any CPU
		{D1C6135A-4641-46CA-A6B3-CA9492CFF310}.Debug|x86.Build.0 = Debug|Any CPU
		{D1C6135A-4641-46CA-A6B3-CA9492CFF310}.Release|Any CPU.ActiveCfg = Release|Any CPU
		{D1C6135A-4641-46CA-A6B3-CA9492CFF310}.Release|Any CPU.Build.0 = Release|Any CPU
		{D1C6135A-4641-46CA-A6B3-CA9492CFF310}.Release|x64.ActiveCfg = Release|Any CPU
		{D1C6135A-4641-46CA-A6B3-CA9492CFF310}.Release|x64.Build.0 = Release|Any CPU
		{D1C6135A-4641-46CA-A6B3-CA9492CFF310}.Release|x86.ActiveCfg = Release|Any CPU
		{D1C6135A-4641-46CA-A6B3-CA9492CFF310}.Release|x86.Build.0 = Release|Any CPU
		{B593C2A9-EE5D-40BD-85C4-E45A01E0B040}.Debug|Any CPU.ActiveCfg = Debug|Any CPU
		{B593C2A9-EE5D-40BD-85C4-E45A01E0B040}.Debug|Any CPU.Build.0 = Debug|Any CPU
		{B593C2A9-EE5D-40BD-85C4-E45A01E0B040}.Debug|x64.ActiveCfg = Debug|Any CPU
		{B593C2A9-EE5D-40BD-85C4-E45A01E0B040}.Debug|x64.Build.0 = Debug|Any CPU
		{B593C2A9-EE5D-40BD-85C4-E45A01E0B040}.Debug|x86.ActiveCfg = Debug|Any CPU
		{B593C2A9-EE5D-40BD-85C4-E45A01E0B040}.Debug|x86.Build.0 = Debug|Any CPU
		{B593C2A9-EE5D-40BD-85C4-E45A01E0B040}.Release|Any CPU.ActiveCfg = Release|Any CPU
		{B593C2A9-EE5D-40BD-85C4-E45A01E0B040}.Release|Any CPU.Build.0 = Release|Any CPU
		{B593C2A9-EE5D-40BD-85C4-E45A01E0B040}.Release|x64.ActiveCfg = Release|Any CPU
		{B593C2A9-EE5D-40BD-85C4-E45A01E0B040}.Release|x64.Build.0 = Release|Any CPU
		{B593C2A9-EE5D-40BD-85C4-E45A01E0B040}.Release|x86.ActiveCfg = Release|Any CPU
		{B593C2A9-EE5D-40BD-85C4-E45A01E0B040}.Release|x86.Build.0 = Release|Any CPU
		{2219F739-4DCA-4160-BD08-F3E13CE84641}.Debug|Any CPU.ActiveCfg = Debug|Any CPU
		{2219F739-4DCA-4160-BD08-F3E13CE84641}.Debug|Any CPU.Build.0 = Debug|Any CPU
		{2219F739-4DCA-4160-BD08-F3E13CE84641}.Debug|x64.ActiveCfg = Debug|Any CPU
		{2219F739-4DCA-4160-BD08-F3E13CE84641}.Debug|x64.Build.0 = Debug|Any CPU
		{2219F739-4DCA-4160-BD08-F3E13CE84641}.Debug|x86.ActiveCfg = Debug|Any CPU
		{2219F739-4DCA-4160-BD08-F3E13CE84641}.Debug|x86.Build.0 = Debug|Any CPU
		{2219F739-4DCA-4160-BD08-F3E13CE84641}.Release|Any CPU.ActiveCfg = Release|Any CPU
		{2219F739-4DCA-4160-BD08-F3E13CE84641}.Release|Any CPU.Build.0 = Release|Any CPU
		{2219F739-4DCA-4160-BD08-F3E13CE84641}.Release|x64.ActiveCfg = Release|Any CPU
		{2219F739-4DCA-4160-BD08-F3E13CE84641}.Release|x64.Build.0 = Release|Any CPU
		{2219F739-4DCA-4160-BD08-F3E13CE84641}.Release|x86.ActiveCfg = Release|Any CPU
		{2219F739-4DCA-4160-BD08-F3E13CE84641}.Release|x86.Build.0 = Release|Any CPU
		{8A4525B6-3442-42E9-8AB0-AC17CCE8629F}.Debug|Any CPU.ActiveCfg = Debug|Any CPU
		{8A4525B6-3442-42E9-8AB0-AC17CCE8629F}.Debug|Any CPU.Build.0 = Debug|Any CPU
		{8A4525B6-3442-42E9-8AB0-AC17CCE8629F}.Debug|x64.ActiveCfg = Debug|Any CPU
		{8A4525B6-3442-42E9-8AB0-AC17CCE8629F}.Debug|x64.Build.0 = Debug|Any CPU
		{8A4525B6-3442-42E9-8AB0-AC17CCE8629F}.Debug|x86.ActiveCfg = Debug|Any CPU
		{8A4525B6-3442-42E9-8AB0-AC17CCE8629F}.Debug|x86.Build.0 = Debug|Any CPU
		{8A4525B6-3442-42E9-8AB0-AC17CCE8629F}.Release|Any CPU.ActiveCfg = Release|Any CPU
		{8A4525B6-3442-42E9-8AB0-AC17CCE8629F}.Release|Any CPU.Build.0 = Release|Any CPU
		{8A4525B6-3442-42E9-8AB0-AC17CCE8629F}.Release|x64.ActiveCfg = Release|Any CPU
		{8A4525B6-3442-42E9-8AB0-AC17CCE8629F}.Release|x64.Build.0 = Release|Any CPU
		{8A4525B6-3442-42E9-8AB0-AC17CCE8629F}.Release|x86.ActiveCfg = Release|Any CPU
		{8A4525B6-3442-42E9-8AB0-AC17CCE8629F}.Release|x86.Build.0 = Release|Any CPU
		{15D10D02-0806-4137-AB3C-6D98C78410E1}.Debug|Any CPU.ActiveCfg = Debug|Any CPU
		{15D10D02-0806-4137-AB3C-6D98C78410E1}.Debug|Any CPU.Build.0 = Debug|Any CPU
		{15D10D02-0806-4137-AB3C-6D98C78410E1}.Debug|x64.ActiveCfg = Debug|Any CPU
		{15D10D02-0806-4137-AB3C-6D98C78410E1}.Debug|x64.Build.0 = Debug|Any CPU
		{15D10D02-0806-4137-AB3C-6D98C78410E1}.Debug|x86.ActiveCfg = Debug|Any CPU
		{15D10D02-0806-4137-AB3C-6D98C78410E1}.Debug|x86.Build.0 = Debug|Any CPU
		{15D10D02-0806-4137-AB3C-6D98C78410E1}.Release|Any CPU.ActiveCfg = Release|Any CPU
		{15D10D02-0806-4137-AB3C-6D98C78410E1}.Release|Any CPU.Build.0 = Release|Any CPU
		{15D10D02-0806-4137-AB3C-6D98C78410E1}.Release|x64.ActiveCfg = Release|Any CPU
		{15D10D02-0806-4137-AB3C-6D98C78410E1}.Release|x64.Build.0 = Release|Any CPU
		{15D10D02-0806-4137-AB3C-6D98C78410E1}.Release|x86.ActiveCfg = Release|Any CPU
		{15D10D02-0806-4137-AB3C-6D98C78410E1}.Release|x86.Build.0 = Release|Any CPU
		{D2F15B31-54E5-4CF7-873F-F5825BE56711}.Debug|Any CPU.ActiveCfg = Debug|Any CPU
		{D2F15B31-54E5-4CF7-873F-F5825BE56711}.Debug|Any CPU.Build.0 = Debug|Any CPU
		{D2F15B31-54E5-4CF7-873F-F5825BE56711}.Debug|x64.ActiveCfg = Debug|Any CPU
		{D2F15B31-54E5-4CF7-873F-F5825BE56711}.Debug|x64.Build.0 = Debug|Any CPU
		{D2F15B31-54E5-4CF7-873F-F5825BE56711}.Debug|x86.ActiveCfg = Debug|Any CPU
		{D2F15B31-54E5-4CF7-873F-F5825BE56711}.Debug|x86.Build.0 = Debug|Any CPU
		{D2F15B31-54E5-4CF7-873F-F5825BE56711}.Release|Any CPU.ActiveCfg = Release|Any CPU
		{D2F15B31-54E5-4CF7-873F-F5825BE56711}.Release|Any CPU.Build.0 = Release|Any CPU
		{D2F15B31-54E5-4CF7-873F-F5825BE56711}.Release|x64.ActiveCfg = Release|Any CPU
		{D2F15B31-54E5-4CF7-873F-F5825BE56711}.Release|x64.Build.0 = Release|Any CPU
		{D2F15B31-54E5-4CF7-873F-F5825BE56711}.Release|x86.ActiveCfg = Release|Any CPU
		{D2F15B31-54E5-4CF7-873F-F5825BE56711}.Release|x86.Build.0 = Release|Any CPU
		{8B1D16BE-F0CE-4307-957E-C87E29E9783F}.Debug|Any CPU.ActiveCfg = Debug|Any CPU
		{8B1D16BE-F0CE-4307-957E-C87E29E9783F}.Debug|Any CPU.Build.0 = Debug|Any CPU
		{8B1D16BE-F0CE-4307-957E-C87E29E9783F}.Debug|x64.ActiveCfg = Debug|Any CPU
		{8B1D16BE-F0CE-4307-957E-C87E29E9783F}.Debug|x64.Build.0 = Debug|Any CPU
		{8B1D16BE-F0CE-4307-957E-C87E29E9783F}.Debug|x86.ActiveCfg = Debug|Any CPU
		{8B1D16BE-F0CE-4307-957E-C87E29E9783F}.Debug|x86.Build.0 = Debug|Any CPU
		{8B1D16BE-F0CE-4307-957E-C87E29E9783F}.Release|Any CPU.ActiveCfg = Release|Any CPU
		{8B1D16BE-F0CE-4307-957E-C87E29E9783F}.Release|Any CPU.Build.0 = Release|Any CPU
		{8B1D16BE-F0CE-4307-957E-C87E29E9783F}.Release|x64.ActiveCfg = Release|Any CPU
		{8B1D16BE-F0CE-4307-957E-C87E29E9783F}.Release|x64.Build.0 = Release|Any CPU
		{8B1D16BE-F0CE-4307-957E-C87E29E9783F}.Release|x86.ActiveCfg = Release|Any CPU
		{8B1D16BE-F0CE-4307-957E-C87E29E9783F}.Release|x86.Build.0 = Release|Any CPU
		{E2EC78C8-B1D8-4AE8-A0D4-6F6656108BC7}.Debug|Any CPU.ActiveCfg = Debug|Any CPU
		{E2EC78C8-B1D8-4AE8-A0D4-6F6656108BC7}.Debug|Any CPU.Build.0 = Debug|Any CPU
		{E2EC78C8-B1D8-4AE8-A0D4-6F6656108BC7}.Debug|x64.ActiveCfg = Debug|Any CPU
		{E2EC78C8-B1D8-4AE8-A0D4-6F6656108BC7}.Debug|x64.Build.0 = Debug|Any CPU
		{E2EC78C8-B1D8-4AE8-A0D4-6F6656108BC7}.Debug|x86.ActiveCfg = Debug|Any CPU
		{E2EC78C8-B1D8-4AE8-A0D4-6F6656108BC7}.Debug|x86.Build.0 = Debug|Any CPU
		{E2EC78C8-B1D8-4AE8-A0D4-6F6656108BC7}.Release|Any CPU.ActiveCfg = Release|Any CPU
		{E2EC78C8-B1D8-4AE8-A0D4-6F6656108BC7}.Release|Any CPU.Build.0 = Release|Any CPU
		{E2EC78C8-B1D8-4AE8-A0D4-6F6656108BC7}.Release|x64.ActiveCfg = Release|Any CPU
		{E2EC78C8-B1D8-4AE8-A0D4-6F6656108BC7}.Release|x64.Build.0 = Release|Any CPU
		{E2EC78C8-B1D8-4AE8-A0D4-6F6656108BC7}.Release|x86.ActiveCfg = Release|Any CPU
		{E2EC78C8-B1D8-4AE8-A0D4-6F6656108BC7}.Release|x86.Build.0 = Release|Any CPU
		{D127ADB4-D57C-47DE-802D-81240252CA25}.Debug|Any CPU.ActiveCfg = Debug|Any CPU
		{D127ADB4-D57C-47DE-802D-81240252CA25}.Debug|Any CPU.Build.0 = Debug|Any CPU
		{D127ADB4-D57C-47DE-802D-81240252CA25}.Debug|x64.ActiveCfg = Debug|Any CPU
		{D127ADB4-D57C-47DE-802D-81240252CA25}.Debug|x64.Build.0 = Debug|Any CPU
		{D127ADB4-D57C-47DE-802D-81240252CA25}.Debug|x86.ActiveCfg = Debug|Any CPU
		{D127ADB4-D57C-47DE-802D-81240252CA25}.Debug|x86.Build.0 = Debug|Any CPU
		{D127ADB4-D57C-47DE-802D-81240252CA25}.Release|Any CPU.ActiveCfg = Release|Any CPU
		{D127ADB4-D57C-47DE-802D-81240252CA25}.Release|Any CPU.Build.0 = Release|Any CPU
		{D127ADB4-D57C-47DE-802D-81240252CA25}.Release|x64.ActiveCfg = Release|Any CPU
		{D127ADB4-D57C-47DE-802D-81240252CA25}.Release|x64.Build.0 = Release|Any CPU
		{D127ADB4-D57C-47DE-802D-81240252CA25}.Release|x86.ActiveCfg = Release|Any CPU
		{D127ADB4-D57C-47DE-802D-81240252CA25}.Release|x86.Build.0 = Release|Any CPU
		{A2C5BC72-B92F-4165-B65D-213B9FC092A5}.Debug|Any CPU.ActiveCfg = Debug|Any CPU
		{A2C5BC72-B92F-4165-B65D-213B9FC092A5}.Debug|Any CPU.Build.0 = Debug|Any CPU
		{A2C5BC72-B92F-4165-B65D-213B9FC092A5}.Debug|x64.ActiveCfg = Debug|Any CPU
		{A2C5BC72-B92F-4165-B65D-213B9FC092A5}.Debug|x64.Build.0 = Debug|Any CPU
		{A2C5BC72-B92F-4165-B65D-213B9FC092A5}.Debug|x86.ActiveCfg = Debug|Any CPU
		{A2C5BC72-B92F-4165-B65D-213B9FC092A5}.Debug|x86.Build.0 = Debug|Any CPU
		{A2C5BC72-B92F-4165-B65D-213B9FC092A5}.Release|Any CPU.ActiveCfg = Release|Any CPU
		{A2C5BC72-B92F-4165-B65D-213B9FC092A5}.Release|Any CPU.Build.0 = Release|Any CPU
		{A2C5BC72-B92F-4165-B65D-213B9FC092A5}.Release|x64.ActiveCfg = Release|Any CPU
		{A2C5BC72-B92F-4165-B65D-213B9FC092A5}.Release|x64.Build.0 = Release|Any CPU
		{A2C5BC72-B92F-4165-B65D-213B9FC092A5}.Release|x86.ActiveCfg = Release|Any CPU
		{A2C5BC72-B92F-4165-B65D-213B9FC092A5}.Release|x86.Build.0 = Release|Any CPU
		{BF5AB687-0675-4307-9F0E-AD58C0B6AE44}.Debug|Any CPU.ActiveCfg = Debug|Any CPU
		{BF5AB687-0675-4307-9F0E-AD58C0B6AE44}.Debug|Any CPU.Build.0 = Debug|Any CPU
		{BF5AB687-0675-4307-9F0E-AD58C0B6AE44}.Debug|x64.ActiveCfg = Debug|Any CPU
		{BF5AB687-0675-4307-9F0E-AD58C0B6AE44}.Debug|x64.Build.0 = Debug|Any CPU
		{BF5AB687-0675-4307-9F0E-AD58C0B6AE44}.Debug|x86.ActiveCfg = Debug|Any CPU
		{BF5AB687-0675-4307-9F0E-AD58C0B6AE44}.Debug|x86.Build.0 = Debug|Any CPU
		{BF5AB687-0675-4307-9F0E-AD58C0B6AE44}.Release|Any CPU.ActiveCfg = Release|Any CPU
		{BF5AB687-0675-4307-9F0E-AD58C0B6AE44}.Release|Any CPU.Build.0 = Release|Any CPU
		{BF5AB687-0675-4307-9F0E-AD58C0B6AE44}.Release|x64.ActiveCfg = Release|Any CPU
		{BF5AB687-0675-4307-9F0E-AD58C0B6AE44}.Release|x64.Build.0 = Release|Any CPU
		{BF5AB687-0675-4307-9F0E-AD58C0B6AE44}.Release|x86.ActiveCfg = Release|Any CPU
		{BF5AB687-0675-4307-9F0E-AD58C0B6AE44}.Release|x86.Build.0 = Release|Any CPU
		{CE65DD22-DE84-4060-9455-24C3FB7EDF41}.Debug|Any CPU.ActiveCfg = Debug|Any CPU
		{CE65DD22-DE84-4060-9455-24C3FB7EDF41}.Debug|Any CPU.Build.0 = Debug|Any CPU
		{CE65DD22-DE84-4060-9455-24C3FB7EDF41}.Debug|x64.ActiveCfg = Debug|Any CPU
		{CE65DD22-DE84-4060-9455-24C3FB7EDF41}.Debug|x64.Build.0 = Debug|Any CPU
		{CE65DD22-DE84-4060-9455-24C3FB7EDF41}.Debug|x86.ActiveCfg = Debug|Any CPU
		{CE65DD22-DE84-4060-9455-24C3FB7EDF41}.Debug|x86.Build.0 = Debug|Any CPU
		{CE65DD22-DE84-4060-9455-24C3FB7EDF41}.Release|Any CPU.ActiveCfg = Release|Any CPU
		{CE65DD22-DE84-4060-9455-24C3FB7EDF41}.Release|Any CPU.Build.0 = Release|Any CPU
		{CE65DD22-DE84-4060-9455-24C3FB7EDF41}.Release|x64.ActiveCfg = Release|Any CPU
		{CE65DD22-DE84-4060-9455-24C3FB7EDF41}.Release|x64.Build.0 = Release|Any CPU
		{CE65DD22-DE84-4060-9455-24C3FB7EDF41}.Release|x86.ActiveCfg = Release|Any CPU
		{CE65DD22-DE84-4060-9455-24C3FB7EDF41}.Release|x86.Build.0 = Release|Any CPU
		{0E3FF6E6-D4D7-4F59-ACDE-26EABAD03D3D}.Debug|Any CPU.ActiveCfg = Debug|Any CPU
		{0E3FF6E6-D4D7-4F59-ACDE-26EABAD03D3D}.Debug|Any CPU.Build.0 = Debug|Any CPU
		{0E3FF6E6-D4D7-4F59-ACDE-26EABAD03D3D}.Debug|x64.ActiveCfg = Debug|Any CPU
		{0E3FF6E6-D4D7-4F59-ACDE-26EABAD03D3D}.Debug|x64.Build.0 = Debug|Any CPU
		{0E3FF6E6-D4D7-4F59-ACDE-26EABAD03D3D}.Debug|x86.ActiveCfg = Debug|Any CPU
		{0E3FF6E6-D4D7-4F59-ACDE-26EABAD03D3D}.Debug|x86.Build.0 = Debug|Any CPU
		{0E3FF6E6-D4D7-4F59-ACDE-26EABAD03D3D}.Release|Any CPU.ActiveCfg = Release|Any CPU
		{0E3FF6E6-D4D7-4F59-ACDE-26EABAD03D3D}.Release|Any CPU.Build.0 = Release|Any CPU
		{0E3FF6E6-D4D7-4F59-ACDE-26EABAD03D3D}.Release|x64.ActiveCfg = Release|Any CPU
		{0E3FF6E6-D4D7-4F59-ACDE-26EABAD03D3D}.Release|x64.Build.0 = Release|Any CPU
		{0E3FF6E6-D4D7-4F59-ACDE-26EABAD03D3D}.Release|x86.ActiveCfg = Release|Any CPU
		{0E3FF6E6-D4D7-4F59-ACDE-26EABAD03D3D}.Release|x86.Build.0 = Release|Any CPU
		{8FA7282E-8966-41BA-B158-526BA283B571}.Debug|Any CPU.ActiveCfg = Debug|Any CPU
		{8FA7282E-8966-41BA-B158-526BA283B571}.Debug|Any CPU.Build.0 = Debug|Any CPU
		{8FA7282E-8966-41BA-B158-526BA283B571}.Debug|x64.ActiveCfg = Debug|Any CPU
		{8FA7282E-8966-41BA-B158-526BA283B571}.Debug|x64.Build.0 = Debug|Any CPU
		{8FA7282E-8966-41BA-B158-526BA283B571}.Debug|x86.ActiveCfg = Debug|Any CPU
		{8FA7282E-8966-41BA-B158-526BA283B571}.Debug|x86.Build.0 = Debug|Any CPU
		{8FA7282E-8966-41BA-B158-526BA283B571}.Release|Any CPU.ActiveCfg = Release|Any CPU
		{8FA7282E-8966-41BA-B158-526BA283B571}.Release|Any CPU.Build.0 = Release|Any CPU
		{8FA7282E-8966-41BA-B158-526BA283B571}.Release|x64.ActiveCfg = Release|Any CPU
		{8FA7282E-8966-41BA-B158-526BA283B571}.Release|x64.Build.0 = Release|Any CPU
		{8FA7282E-8966-41BA-B158-526BA283B571}.Release|x86.ActiveCfg = Release|Any CPU
		{8FA7282E-8966-41BA-B158-526BA283B571}.Release|x86.Build.0 = Release|Any CPU
		{CF3D451A-9940-4675-9ADD-A418573F7EEF}.Debug|Any CPU.ActiveCfg = Debug|Any CPU
		{CF3D451A-9940-4675-9ADD-A418573F7EEF}.Debug|Any CPU.Build.0 = Debug|Any CPU
		{CF3D451A-9940-4675-9ADD-A418573F7EEF}.Debug|x64.ActiveCfg = Debug|Any CPU
		{CF3D451A-9940-4675-9ADD-A418573F7EEF}.Debug|x64.Build.0 = Debug|Any CPU
		{CF3D451A-9940-4675-9ADD-A418573F7EEF}.Debug|x86.ActiveCfg = Debug|Any CPU
		{CF3D451A-9940-4675-9ADD-A418573F7EEF}.Debug|x86.Build.0 = Debug|Any CPU
		{CF3D451A-9940-4675-9ADD-A418573F7EEF}.Release|Any CPU.ActiveCfg = Release|Any CPU
		{CF3D451A-9940-4675-9ADD-A418573F7EEF}.Release|Any CPU.Build.0 = Release|Any CPU
		{CF3D451A-9940-4675-9ADD-A418573F7EEF}.Release|x64.ActiveCfg = Release|Any CPU
		{CF3D451A-9940-4675-9ADD-A418573F7EEF}.Release|x64.Build.0 = Release|Any CPU
		{CF3D451A-9940-4675-9ADD-A418573F7EEF}.Release|x86.ActiveCfg = Release|Any CPU
		{CF3D451A-9940-4675-9ADD-A418573F7EEF}.Release|x86.Build.0 = Release|Any CPU
		{927F47BD-F3C7-4A1D-8B83-7EBC5C13924F}.Debug|Any CPU.ActiveCfg = Debug|Any CPU
		{927F47BD-F3C7-4A1D-8B83-7EBC5C13924F}.Debug|Any CPU.Build.0 = Debug|Any CPU
		{927F47BD-F3C7-4A1D-8B83-7EBC5C13924F}.Debug|x64.ActiveCfg = Debug|Any CPU
		{927F47BD-F3C7-4A1D-8B83-7EBC5C13924F}.Debug|x64.Build.0 = Debug|Any CPU
		{927F47BD-F3C7-4A1D-8B83-7EBC5C13924F}.Debug|x86.ActiveCfg = Debug|Any CPU
		{927F47BD-F3C7-4A1D-8B83-7EBC5C13924F}.Debug|x86.Build.0 = Debug|Any CPU
		{927F47BD-F3C7-4A1D-8B83-7EBC5C13924F}.Release|Any CPU.ActiveCfg = Release|Any CPU
		{927F47BD-F3C7-4A1D-8B83-7EBC5C13924F}.Release|Any CPU.Build.0 = Release|Any CPU
		{927F47BD-F3C7-4A1D-8B83-7EBC5C13924F}.Release|x64.ActiveCfg = Release|Any CPU
		{927F47BD-F3C7-4A1D-8B83-7EBC5C13924F}.Release|x64.Build.0 = Release|Any CPU
		{927F47BD-F3C7-4A1D-8B83-7EBC5C13924F}.Release|x86.ActiveCfg = Release|Any CPU
		{927F47BD-F3C7-4A1D-8B83-7EBC5C13924F}.Release|x86.Build.0 = Release|Any CPU
		{B1520033-9496-40D3-9A16-34D0158CD17D}.Debug|Any CPU.ActiveCfg = Debug|Any CPU
		{B1520033-9496-40D3-9A16-34D0158CD17D}.Debug|Any CPU.Build.0 = Debug|Any CPU
		{B1520033-9496-40D3-9A16-34D0158CD17D}.Debug|x64.ActiveCfg = Debug|Any CPU
		{B1520033-9496-40D3-9A16-34D0158CD17D}.Debug|x64.Build.0 = Debug|Any CPU
		{B1520033-9496-40D3-9A16-34D0158CD17D}.Debug|x86.ActiveCfg = Debug|Any CPU
		{B1520033-9496-40D3-9A16-34D0158CD17D}.Debug|x86.Build.0 = Debug|Any CPU
		{B1520033-9496-40D3-9A16-34D0158CD17D}.Release|Any CPU.ActiveCfg = Release|Any CPU
		{B1520033-9496-40D3-9A16-34D0158CD17D}.Release|Any CPU.Build.0 = Release|Any CPU
		{B1520033-9496-40D3-9A16-34D0158CD17D}.Release|x64.ActiveCfg = Release|Any CPU
		{B1520033-9496-40D3-9A16-34D0158CD17D}.Release|x64.Build.0 = Release|Any CPU
		{B1520033-9496-40D3-9A16-34D0158CD17D}.Release|x86.ActiveCfg = Release|Any CPU
		{B1520033-9496-40D3-9A16-34D0158CD17D}.Release|x86.Build.0 = Release|Any CPU
		{C4F15738-9A37-45E1-9010-3ACC39B99EF4}.Debug|Any CPU.ActiveCfg = Debug|Any CPU
		{C4F15738-9A37-45E1-9010-3ACC39B99EF4}.Debug|Any CPU.Build.0 = Debug|Any CPU
		{C4F15738-9A37-45E1-9010-3ACC39B99EF4}.Debug|x64.ActiveCfg = Debug|Any CPU
		{C4F15738-9A37-45E1-9010-3ACC39B99EF4}.Debug|x64.Build.0 = Debug|Any CPU
		{C4F15738-9A37-45E1-9010-3ACC39B99EF4}.Debug|x86.ActiveCfg = Debug|Any CPU
		{C4F15738-9A37-45E1-9010-3ACC39B99EF4}.Debug|x86.Build.0 = Debug|Any CPU
		{C4F15738-9A37-45E1-9010-3ACC39B99EF4}.Release|Any CPU.ActiveCfg = Release|Any CPU
		{C4F15738-9A37-45E1-9010-3ACC39B99EF4}.Release|Any CPU.Build.0 = Release|Any CPU
		{C4F15738-9A37-45E1-9010-3ACC39B99EF4}.Release|x64.ActiveCfg = Release|Any CPU
		{C4F15738-9A37-45E1-9010-3ACC39B99EF4}.Release|x64.Build.0 = Release|Any CPU
		{C4F15738-9A37-45E1-9010-3ACC39B99EF4}.Release|x86.ActiveCfg = Release|Any CPU
		{C4F15738-9A37-45E1-9010-3ACC39B99EF4}.Release|x86.Build.0 = Release|Any CPU
		{9348548F-5999-4250-BAFD-C76DA0C5BA8C}.Debug|Any CPU.ActiveCfg = Debug|Any CPU
		{9348548F-5999-4250-BAFD-C76DA0C5BA8C}.Debug|Any CPU.Build.0 = Debug|Any CPU
		{9348548F-5999-4250-BAFD-C76DA0C5BA8C}.Debug|x64.ActiveCfg = Debug|Any CPU
		{9348548F-5999-4250-BAFD-C76DA0C5BA8C}.Debug|x64.Build.0 = Debug|Any CPU
		{9348548F-5999-4250-BAFD-C76DA0C5BA8C}.Debug|x86.ActiveCfg = Debug|Any CPU
		{9348548F-5999-4250-BAFD-C76DA0C5BA8C}.Debug|x86.Build.0 = Debug|Any CPU
		{9348548F-5999-4250-BAFD-C76DA0C5BA8C}.Release|Any CPU.ActiveCfg = Release|Any CPU
		{9348548F-5999-4250-BAFD-C76DA0C5BA8C}.Release|Any CPU.Build.0 = Release|Any CPU
		{9348548F-5999-4250-BAFD-C76DA0C5BA8C}.Release|x64.ActiveCfg = Release|Any CPU
		{9348548F-5999-4250-BAFD-C76DA0C5BA8C}.Release|x64.Build.0 = Release|Any CPU
		{9348548F-5999-4250-BAFD-C76DA0C5BA8C}.Release|x86.ActiveCfg = Release|Any CPU
		{9348548F-5999-4250-BAFD-C76DA0C5BA8C}.Release|x86.Build.0 = Release|Any CPU
		{E95D0270-790F-4AE5-AB37-5B58F7271B2B}.Debug|Any CPU.ActiveCfg = Debug|Any CPU
		{E95D0270-790F-4AE5-AB37-5B58F7271B2B}.Debug|Any CPU.Build.0 = Debug|Any CPU
		{E95D0270-790F-4AE5-AB37-5B58F7271B2B}.Debug|x64.ActiveCfg = Debug|Any CPU
		{E95D0270-790F-4AE5-AB37-5B58F7271B2B}.Debug|x64.Build.0 = Debug|Any CPU
		{E95D0270-790F-4AE5-AB37-5B58F7271B2B}.Debug|x86.ActiveCfg = Debug|Any CPU
		{E95D0270-790F-4AE5-AB37-5B58F7271B2B}.Debug|x86.Build.0 = Debug|Any CPU
		{E95D0270-790F-4AE5-AB37-5B58F7271B2B}.Release|Any CPU.ActiveCfg = Release|Any CPU
		{E95D0270-790F-4AE5-AB37-5B58F7271B2B}.Release|Any CPU.Build.0 = Release|Any CPU
		{E95D0270-790F-4AE5-AB37-5B58F7271B2B}.Release|x64.ActiveCfg = Release|Any CPU
		{E95D0270-790F-4AE5-AB37-5B58F7271B2B}.Release|x64.Build.0 = Release|Any CPU
		{E95D0270-790F-4AE5-AB37-5B58F7271B2B}.Release|x86.ActiveCfg = Release|Any CPU
		{E95D0270-790F-4AE5-AB37-5B58F7271B2B}.Release|x86.Build.0 = Release|Any CPU
		{3CF6E99D-5F84-455A-B56E-916773BF5B14}.Debug|Any CPU.ActiveCfg = Debug|Any CPU
		{3CF6E99D-5F84-455A-B56E-916773BF5B14}.Debug|Any CPU.Build.0 = Debug|Any CPU
		{3CF6E99D-5F84-455A-B56E-916773BF5B14}.Debug|x64.ActiveCfg = Debug|Any CPU
		{3CF6E99D-5F84-455A-B56E-916773BF5B14}.Debug|x64.Build.0 = Debug|Any CPU
		{3CF6E99D-5F84-455A-B56E-916773BF5B14}.Debug|x86.ActiveCfg = Debug|Any CPU
		{3CF6E99D-5F84-455A-B56E-916773BF5B14}.Debug|x86.Build.0 = Debug|Any CPU
		{3CF6E99D-5F84-455A-B56E-916773BF5B14}.Release|Any CPU.ActiveCfg = Release|Any CPU
		{3CF6E99D-5F84-455A-B56E-916773BF5B14}.Release|Any CPU.Build.0 = Release|Any CPU
		{3CF6E99D-5F84-455A-B56E-916773BF5B14}.Release|x64.ActiveCfg = Release|Any CPU
		{3CF6E99D-5F84-455A-B56E-916773BF5B14}.Release|x64.Build.0 = Release|Any CPU
		{3CF6E99D-5F84-455A-B56E-916773BF5B14}.Release|x86.ActiveCfg = Release|Any CPU
		{3CF6E99D-5F84-455A-B56E-916773BF5B14}.Release|x86.Build.0 = Release|Any CPU
	EndGlobalSection
	GlobalSection(SolutionProperties) = preSolution
		HideSolutionNode = FALSE
	EndGlobalSection
	GlobalSection(NestedProjects) = preSolution
		{D1C6135A-4641-46CA-A6B3-CA9492CFF310} = {827E0CD3-B72D-47B6-A68D-7590B98EB39B}
		{B593C2A9-EE5D-40BD-85C4-E45A01E0B040} = {827E0CD3-B72D-47B6-A68D-7590B98EB39B}
		{2219F739-4DCA-4160-BD08-F3E13CE84641} = {827E0CD3-B72D-47B6-A68D-7590B98EB39B}
		{8A4525B6-3442-42E9-8AB0-AC17CCE8629F} = {827E0CD3-B72D-47B6-A68D-7590B98EB39B}
		{15D10D02-0806-4137-AB3C-6D98C78410E1} = {827E0CD3-B72D-47B6-A68D-7590B98EB39B}
		{D2F15B31-54E5-4CF7-873F-F5825BE56711} = {827E0CD3-B72D-47B6-A68D-7590B98EB39B}
		{8B1D16BE-F0CE-4307-957E-C87E29E9783F} = {827E0CD3-B72D-47B6-A68D-7590B98EB39B}
		{E2EC78C8-B1D8-4AE8-A0D4-6F6656108BC7} = {827E0CD3-B72D-47B6-A68D-7590B98EB39B}
		{D127ADB4-D57C-47DE-802D-81240252CA25} = {827E0CD3-B72D-47B6-A68D-7590B98EB39B}
		{A2C5BC72-B92F-4165-B65D-213B9FC092A5} = {827E0CD3-B72D-47B6-A68D-7590B98EB39B}
		{BF5AB687-0675-4307-9F0E-AD58C0B6AE44} = {827E0CD3-B72D-47B6-A68D-7590B98EB39B}
		{CE65DD22-DE84-4060-9455-24C3FB7EDF41} = {827E0CD3-B72D-47B6-A68D-7590B98EB39B}
		{0E3FF6E6-D4D7-4F59-ACDE-26EABAD03D3D} = {827E0CD3-B72D-47B6-A68D-7590B98EB39B}
		{8FA7282E-8966-41BA-B158-526BA283B571} = {827E0CD3-B72D-47B6-A68D-7590B98EB39B}
		{CF3D451A-9940-4675-9ADD-A418573F7EEF} = {827E0CD3-B72D-47B6-A68D-7590B98EB39B}
		{927F47BD-F3C7-4A1D-8B83-7EBC5C13924F} = {827E0CD3-B72D-47B6-A68D-7590B98EB39B}
		{B1520033-9496-40D3-9A16-34D0158CD17D} = {827E0CD3-B72D-47B6-A68D-7590B98EB39B}
		{C4F15738-9A37-45E1-9010-3ACC39B99EF4} = {827E0CD3-B72D-47B6-A68D-7590B98EB39B}
		{9348548F-5999-4250-BAFD-C76DA0C5BA8C} = {827E0CD3-B72D-47B6-A68D-7590B98EB39B}
		{E95D0270-790F-4AE5-AB37-5B58F7271B2B} = {827E0CD3-B72D-47B6-A68D-7590B98EB39B}
		{3CF6E99D-5F84-455A-B56E-916773BF5B14} = {0AB3BF05-4346-4AA6-1389-037BE0695223}
	EndGlobalSection
EndGlobal
